
Microsoft Visual Studio Solution File, Format Version 12.00
# Visual Studio Version 16
VisualStudioVersion = 16.0.32002.261
MinimumVisualStudioVersion = 10.0.40219.1
Project("{9A19103F-16F7-4668-BE54-9A1E7A4F7556}") = "SE Assignment", "SE Assignment\SE Assignment.csproj", "{E8B81EFF-2EE4-472C-8E75-C7B1BF4B470D}"
EndProject
Project("{2150E333-8FDC-42A3-9474-1A3956D46DE8}") = "Solution Items", "Solution Items", "{019915A5-56D9-4D5A-9C8D-0F066B3FE34B}"
	ProjectSection(SolutionItems) = preProject
		.editorconfig = .editorconfig
	EndProjectSection
EndProject
Global
	GlobalSection(SolutionConfigurationPlatforms) = preSolution
		Debug|Any CPU = Debug|Any CPU
		Release|Any CPU = Release|Any CPU
	EndGlobalSection
	GlobalSection(ProjectConfigurationPlatforms) = postSolution
		{E8B81EFF-2EE4-472C-8E75-C7B1BF4B470D}.Debug|Any CPU.ActiveCfg = Debug|Any CPU
		{E8B81EFF-2EE4-472C-8E75-C7B1BF4B470D}.Debug|Any CPU.Build.0 = Debug|Any CPU
		{E8B81EFF-2EE4-472C-8E75-C7B1BF4B470D}.Release|Any CPU.ActiveCfg = Release|Any CPU
		{E8B81EFF-2EE4-472C-8E75-C7B1BF4B470D}.Release|Any CPU.Build.0 = Release|Any CPU
	EndGlobalSection
	GlobalSection(SolutionProperties) = preSolution
		HideSolutionNode = FALSE
	EndGlobalSection
	GlobalSection(ExtensibilityGlobals) = postSolution
		SolutionGuid = {B78C45C4-91A2-4E55-8EEA-D1E4E70909BE}
	EndGlobalSection
EndGlobal
